// !$*UTF8*$!
{
	archiveVersion = 1;
	classes = {
	};
	objectVersion = 52;
	objects = {

/* Begin PBXBuildFile section */
		DB14CC2E2766ED0A00ADCF0E /* DCGANLoader.swift in Sources */ = {isa = PBXBuildFile; fileRef = DB14CC2D2766ED0A00ADCF0E /* DCGANLoader.swift */; };
		DB14CC322766FCE900ADCF0E /* SwiftNpy in Frameworks */ = {isa = PBXBuildFile; productRef = DB14CC312766FCE900ADCF0E /* SwiftNpy */; };
		DB1B97D1216A3F9200A417AD /* AppDelegate.swift in Sources */ = {isa = PBXBuildFile; fileRef = DB1B97D0216A3F9200A417AD /* AppDelegate.swift */; };
		DB1B97D3216A3F9200A417AD /* ViewController.swift in Sources */ = {isa = PBXBuildFile; fileRef = DB1B97D2216A3F9200A417AD /* ViewController.swift */; };
		DB1B97D5216A3F9500A417AD /* Assets.xcassets in Resources */ = {isa = PBXBuildFile; fileRef = DB1B97D4216A3F9500A417AD /* Assets.xcassets */; };
		DB1B97D8216A3F9500A417AD /* Main.storyboard in Resources */ = {isa = PBXBuildFile; fileRef = DB1B97D6216A3F9500A417AD /* Main.storyboard */; };
		DB1B97E4216A3F9500A417AD /* XTimelineTests.swift in Sources */ = {isa = PBXBuildFile; fileRef = DB1B97E3216A3F9500A417AD /* XTimelineTests.swift */; };
		DB1B97EF216A3F9500A417AD /* XTimelineUITests.swift in Sources */ = {isa = PBXBuildFile; fileRef = DB1B97EE216A3F9500A417AD /* XTimelineUITests.swift */; };
		DB1B97FF216A403F00A417AD /* TwitterLoader.swift in Sources */ = {isa = PBXBuildFile; fileRef = DB1B97FC216A403E00A417AD /* TwitterLoader.swift */; };
		DB1B9800216A403F00A417AD /* AbstractEntityAndLoader.swift in Sources */ = {isa = PBXBuildFile; fileRef = DB1B97FD216A403F00A417AD /* AbstractEntityAndLoader.swift */; };
		DB1B9801216A403F00A417AD /* ThumbItem.swift in Sources */ = {isa = PBXBuildFile; fileRef = DB1B97FE216A403F00A417AD /* ThumbItem.swift */; };
		DB1B9803216A419000A417AD /* ThumbnailItem.xib in Resources */ = {isa = PBXBuildFile; fileRef = DB1B9802216A419000A417AD /* ThumbnailItem.xib */; };
		DB1B9805216A502100A417AD /* RedditLoader.swift in Sources */ = {isa = PBXBuildFile; fileRef = DB1B9804216A502100A417AD /* RedditLoader.swift */; };
		DB234094277D926700E02D67 /* RedditDB.swift in Sources */ = {isa = PBXBuildFile; fileRef = DB234093277D926700E02D67 /* RedditDB.swift */; };
		DB234096277D92C600E02D67 /* RedditData.swift in Sources */ = {isa = PBXBuildFile; fileRef = DB234095277D92C600E02D67 /* RedditData.swift */; };
		DB5D22A2217C6249002B98CB /* OpenViewController.swift in Sources */ = {isa = PBXBuildFile; fileRef = DB5D22A1217C6249002B98CB /* OpenViewController.swift */; };
		DB73587A22114F6900150E4C /* AppDelegate.swift in Sources */ = {isa = PBXBuildFile; fileRef = DB73587922114F6900150E4C /* AppDelegate.swift */; };
		DB73587C22114F6900150E4C /* MasterViewController.swift in Sources */ = {isa = PBXBuildFile; fileRef = DB73587B22114F6900150E4C /* MasterViewController.swift */; };
		DB73587E22114F6900150E4C /* DetailViewController.swift in Sources */ = {isa = PBXBuildFile; fileRef = DB73587D22114F6900150E4C /* DetailViewController.swift */; };
		DB73588122114F6900150E4C /* Main.storyboard in Resources */ = {isa = PBXBuildFile; fileRef = DB73587F22114F6900150E4C /* Main.storyboard */; };
		DB73588322114F6A00150E4C /* Assets.xcassets in Resources */ = {isa = PBXBuildFile; fileRef = DB73588222114F6A00150E4C /* Assets.xcassets */; };
		DB73588622114F6A00150E4C /* LaunchScreen.storyboard in Resources */ = {isa = PBXBuildFile; fileRef = DB73588422114F6A00150E4C /* LaunchScreen.storyboard */; };
		DB73589122114F6A00150E4C /* XTimeline_iOSTests.swift in Sources */ = {isa = PBXBuildFile; fileRef = DB73589022114F6A00150E4C /* XTimeline_iOSTests.swift */; };
		DB73589C22114F6A00150E4C /* XTimeline_iOSUITests.swift in Sources */ = {isa = PBXBuildFile; fileRef = DB73589B22114F6A00150E4C /* XTimeline_iOSUITests.swift */; };
		DB7358A722116F3A00150E4C /* RedditLoader.swift in Sources */ = {isa = PBXBuildFile; fileRef = DB1B9804216A502100A417AD /* RedditLoader.swift */; };
		DB7358A822116F5D00150E4C /* AbstractEntityAndLoader.swift in Sources */ = {isa = PBXBuildFile; fileRef = DB1B97FD216A403F00A417AD /* AbstractEntityAndLoader.swift */; };
		DB7358AB2211740200150E4C /* ThumbViewController.swift in Sources */ = {isa = PBXBuildFile; fileRef = DB7358A9221173FE00150E4C /* ThumbViewController.swift */; };
		DB7358AE2212569300150E4C /* AddViewController.swift in Sources */ = {isa = PBXBuildFile; fileRef = DB7358AC2212568800150E4C /* AddViewController.swift */; };
		DBF2E577223D243700C2BA4D /* AVKit.framework in Frameworks */ = {isa = PBXBuildFile; fileRef = DBF2E576223D243700C2BA4D /* AVKit.framework */; };
/* End PBXBuildFile section */

/* Begin PBXContainerItemProxy section */
		DB1B97E0216A3F9500A417AD /* PBXContainerItemProxy */ = {
			isa = PBXContainerItemProxy;
			containerPortal = DB1B97C5216A3F9200A417AD /* Project object */;
			proxyType = 1;
			remoteGlobalIDString = DB1B97CC216A3F9200A417AD;
			remoteInfo = XTimeline;
		};
		DB1B97EB216A3F9500A417AD /* PBXContainerItemProxy */ = {
			isa = PBXContainerItemProxy;
			containerPortal = DB1B97C5216A3F9200A417AD /* Project object */;
			proxyType = 1;
			remoteGlobalIDString = DB1B97CC216A3F9200A417AD;
			remoteInfo = XTimeline;
		};
		DB73588D22114F6A00150E4C /* PBXContainerItemProxy */ = {
			isa = PBXContainerItemProxy;
			containerPortal = DB1B97C5216A3F9200A417AD /* Project object */;
			proxyType = 1;
			remoteGlobalIDString = DB73587622114F6900150E4C;
			remoteInfo = "XTimeline-iOS";
		};
		DB73589822114F6A00150E4C /* PBXContainerItemProxy */ = {
			isa = PBXContainerItemProxy;
			containerPortal = DB1B97C5216A3F9200A417AD /* Project object */;
			proxyType = 1;
			remoteGlobalIDString = DB73587622114F6900150E4C;
			remoteInfo = "XTimeline-iOS";
		};
/* End PBXContainerItemProxy section */

/* Begin PBXFileReference section */
		DB14CC2D2766ED0A00ADCF0E /* DCGANLoader.swift */ = {isa = PBXFileReference; lastKnownFileType = sourcecode.swift; path = DCGANLoader.swift; sourceTree = "<group>"; };
		DB14CC302766F7D200ADCF0E /* swift-npy */ = {isa = PBXFileReference; lastKnownFileType = folder; name = "swift-npy"; path = "../github/swift-npy"; sourceTree = "<group>"; };
		DB14CC3327671B8100ADCF0E /* libz.tbd */ = {isa = PBXFileReference; lastKnownFileType = "sourcecode.text-based-dylib-definition"; name = libz.tbd; path = usr/lib/libz.tbd; sourceTree = SDKROOT; };
		DB1B97CD216A3F9200A417AD /* XTimeline.app */ = {isa = PBXFileReference; explicitFileType = wrapper.application; includeInIndex = 0; path = XTimeline.app; sourceTree = BUILT_PRODUCTS_DIR; };
		DB1B97D0216A3F9200A417AD /* AppDelegate.swift */ = {isa = PBXFileReference; lastKnownFileType = sourcecode.swift; path = AppDelegate.swift; sourceTree = "<group>"; };
		DB1B97D2216A3F9200A417AD /* ViewController.swift */ = {isa = PBXFileReference; lastKnownFileType = sourcecode.swift; path = ViewController.swift; sourceTree = "<group>"; };
		DB1B97D4216A3F9500A417AD /* Assets.xcassets */ = {isa = PBXFileReference; lastKnownFileType = folder.assetcatalog; path = Assets.xcassets; sourceTree = "<group>"; };
		DB1B97D7216A3F9500A417AD /* Base */ = {isa = PBXFileReference; lastKnownFileType = file.storyboard; name = Base; path = Base.lproj/Main.storyboard; sourceTree = "<group>"; };
		DB1B97D9216A3F9500A417AD /* Info.plist */ = {isa = PBXFileReference; lastKnownFileType = text.plist.xml; path = Info.plist; sourceTree = "<group>"; };
		DB1B97DA216A3F9500A417AD /* XTimeline.entitlements */ = {isa = PBXFileReference; lastKnownFileType = text.plist.entitlements; path = XTimeline.entitlements; sourceTree = "<group>"; };
		DB1B97DF216A3F9500A417AD /* XTimelineTests.xctest */ = {isa = PBXFileReference; explicitFileType = wrapper.cfbundle; includeInIndex = 0; path = XTimelineTests.xctest; sourceTree = BUILT_PRODUCTS_DIR; };
		DB1B97E3216A3F9500A417AD /* XTimelineTests.swift */ = {isa = PBXFileReference; lastKnownFileType = sourcecode.swift; path = XTimelineTests.swift; sourceTree = "<group>"; };
		DB1B97E5216A3F9500A417AD /* Info.plist */ = {isa = PBXFileReference; lastKnownFileType = text.plist.xml; path = Info.plist; sourceTree = "<group>"; };
		DB1B97EA216A3F9500A417AD /* XTimelineUITests.xctest */ = {isa = PBXFileReference; explicitFileType = wrapper.cfbundle; includeInIndex = 0; path = XTimelineUITests.xctest; sourceTree = BUILT_PRODUCTS_DIR; };
		DB1B97EE216A3F9500A417AD /* XTimelineUITests.swift */ = {isa = PBXFileReference; lastKnownFileType = sourcecode.swift; path = XTimelineUITests.swift; sourceTree = "<group>"; };
		DB1B97F0216A3F9500A417AD /* Info.plist */ = {isa = PBXFileReference; lastKnownFileType = text.plist.xml; path = Info.plist; sourceTree = "<group>"; };
		DB1B97FC216A403E00A417AD /* TwitterLoader.swift */ = {isa = PBXFileReference; fileEncoding = 4; lastKnownFileType = sourcecode.swift; path = TwitterLoader.swift; sourceTree = "<group>"; };
		DB1B97FD216A403F00A417AD /* AbstractEntityAndLoader.swift */ = {isa = PBXFileReference; fileEncoding = 4; lastKnownFileType = sourcecode.swift; path = AbstractEntityAndLoader.swift; sourceTree = "<group>"; };
		DB1B97FE216A403F00A417AD /* ThumbItem.swift */ = {isa = PBXFileReference; fileEncoding = 4; lastKnownFileType = sourcecode.swift; path = ThumbItem.swift; sourceTree = "<group>"; };
		DB1B9802216A419000A417AD /* ThumbnailItem.xib */ = {isa = PBXFileReference; fileEncoding = 4; lastKnownFileType = file.xib; path = ThumbnailItem.xib; sourceTree = "<group>"; };
		DB1B9804216A502100A417AD /* RedditLoader.swift */ = {isa = PBXFileReference; lastKnownFileType = sourcecode.swift; path = RedditLoader.swift; sourceTree = "<group>"; };
		DB234093277D926700E02D67 /* RedditDB.swift */ = {isa = PBXFileReference; lastKnownFileType = sourcecode.swift; path = RedditDB.swift; sourceTree = "<group>"; };
		DB234095277D92C600E02D67 /* RedditData.swift */ = {isa = PBXFileReference; lastKnownFileType = sourcecode.swift; path = RedditData.swift; sourceTree = "<group>"; };
		DB5D22A1217C6249002B98CB /* OpenViewController.swift */ = {isa = PBXFileReference; lastKnownFileType = sourcecode.swift; path = OpenViewController.swift; sourceTree = "<group>"; };
		DB73587722114F6900150E4C /* XTimeline-iOS.app */ = {isa = PBXFileReference; explicitFileType = wrapper.application; includeInIndex = 0; path = "XTimeline-iOS.app"; sourceTree = BUILT_PRODUCTS_DIR; };
		DB73587922114F6900150E4C /* AppDelegate.swift */ = {isa = PBXFileReference; lastKnownFileType = sourcecode.swift; path = AppDelegate.swift; sourceTree = "<group>"; };
		DB73587B22114F6900150E4C /* MasterViewController.swift */ = {isa = PBXFileReference; lastKnownFileType = sourcecode.swift; path = MasterViewController.swift; sourceTree = "<group>"; };
		DB73587D22114F6900150E4C /* DetailViewController.swift */ = {isa = PBXFileReference; lastKnownFileType = sourcecode.swift; path = DetailViewController.swift; sourceTree = "<group>"; };
		DB73588022114F6900150E4C /* Base */ = {isa = PBXFileReference; lastKnownFileType = file.storyboard; name = Base; path = Base.lproj/Main.storyboard; sourceTree = "<group>"; };
		DB73588222114F6A00150E4C /* Assets.xcassets */ = {isa = PBXFileReference; lastKnownFileType = folder.assetcatalog; path = Assets.xcassets; sourceTree = "<group>"; };
		DB73588522114F6A00150E4C /* Base */ = {isa = PBXFileReference; lastKnownFileType = file.storyboard; name = Base; path = Base.lproj/LaunchScreen.storyboard; sourceTree = "<group>"; };
		DB73588722114F6A00150E4C /* Info.plist */ = {isa = PBXFileReference; lastKnownFileType = text.plist.xml; path = Info.plist; sourceTree = "<group>"; };
		DB73588C22114F6A00150E4C /* XTimeline-iOSTests.xctest */ = {isa = PBXFileReference; explicitFileType = wrapper.cfbundle; includeInIndex = 0; path = "XTimeline-iOSTests.xctest"; sourceTree = BUILT_PRODUCTS_DIR; };
		DB73589022114F6A00150E4C /* XTimeline_iOSTests.swift */ = {isa = PBXFileReference; lastKnownFileType = sourcecode.swift; path = XTimeline_iOSTests.swift; sourceTree = "<group>"; };
		DB73589222114F6A00150E4C /* Info.plist */ = {isa = PBXFileReference; lastKnownFileType = text.plist.xml; path = Info.plist; sourceTree = "<group>"; };
		DB73589722114F6A00150E4C /* XTimeline-iOSUITests.xctest */ = {isa = PBXFileReference; explicitFileType = wrapper.cfbundle; includeInIndex = 0; path = "XTimeline-iOSUITests.xctest"; sourceTree = BUILT_PRODUCTS_DIR; };
		DB73589B22114F6A00150E4C /* XTimeline_iOSUITests.swift */ = {isa = PBXFileReference; lastKnownFileType = sourcecode.swift; path = XTimeline_iOSUITests.swift; sourceTree = "<group>"; };
		DB73589D22114F6A00150E4C /* Info.plist */ = {isa = PBXFileReference; lastKnownFileType = text.plist.xml; path = Info.plist; sourceTree = "<group>"; };
		DB7358A9221173FE00150E4C /* ThumbViewController.swift */ = {isa = PBXFileReference; lastKnownFileType = sourcecode.swift; path = ThumbViewController.swift; sourceTree = "<group>"; };
		DB7358AC2212568800150E4C /* AddViewController.swift */ = {isa = PBXFileReference; lastKnownFileType = sourcecode.swift; path = AddViewController.swift; sourceTree = "<group>"; };
		DBF2E576223D243700C2BA4D /* AVKit.framework */ = {isa = PBXFileReference; lastKnownFileType = wrapper.framework; name = AVKit.framework; path = System/Library/Frameworks/AVKit.framework; sourceTree = SDKROOT; };
/* End PBXFileReference section */

/* Begin PBXFrameworksBuildPhase section */
		DB1B97CA216A3F9200A417AD /* Frameworks */ = {
			isa = PBXFrameworksBuildPhase;
			buildActionMask = 2147483647;
			files = (
				DB14CC322766FCE900ADCF0E /* SwiftNpy in Frameworks */,
				DBF2E577223D243700C2BA4D /* AVKit.framework in Frameworks */,
			);
			runOnlyForDeploymentPostprocessing = 0;
		};
		DB1B97DC216A3F9500A417AD /* Frameworks */ = {
			isa = PBXFrameworksBuildPhase;
			buildActionMask = 2147483647;
			files = (
			);
			runOnlyForDeploymentPostprocessing = 0;
		};
		DB1B97E7216A3F9500A417AD /* Frameworks */ = {
			isa = PBXFrameworksBuildPhase;
			buildActionMask = 2147483647;
			files = (
			);
			runOnlyForDeploymentPostprocessing = 0;
		};
		DB73587422114F6900150E4C /* Frameworks */ = {
			isa = PBXFrameworksBuildPhase;
			buildActionMask = 2147483647;
			files = (
			);
			runOnlyForDeploymentPostprocessing = 0;
		};
		DB73588922114F6A00150E4C /* Frameworks */ = {
			isa = PBXFrameworksBuildPhase;
			buildActionMask = 2147483647;
			files = (
			);
			runOnlyForDeploymentPostprocessing = 0;
		};
		DB73589422114F6A00150E4C /* Frameworks */ = {
			isa = PBXFrameworksBuildPhase;
			buildActionMask = 2147483647;
			files = (
			);
			runOnlyForDeploymentPostprocessing = 0;
		};
/* End PBXFrameworksBuildPhase section */

/* Begin PBXGroup section */
		DB14CC2F2766F7D200ADCF0E /* Packages */ = {
			isa = PBXGroup;
			children = (
				DB14CC302766F7D200ADCF0E /* swift-npy */,
			);
			name = Packages;
			sourceTree = "<group>";
		};
		DB1B97C4216A3F9200A417AD = {
			isa = PBXGroup;
			children = (
				DB14CC2F2766F7D200ADCF0E /* Packages */,
				DB1B97CF216A3F9200A417AD /* XTimeline */,
				DB1B97E2216A3F9500A417AD /* XTimelineTests */,
				DB1B97ED216A3F9500A417AD /* XTimelineUITests */,
				DB73588F22114F6A00150E4C /* XTimeline-iOSTests */,
				DB73589A22114F6A00150E4C /* XTimeline-iOSUITests */,
				DB1B97CE216A3F9200A417AD /* Products */,
				DBF2E575223D243700C2BA4D /* Frameworks */,
			);
			sourceTree = "<group>";
		};
		DB1B97CE216A3F9200A417AD /* Products */ = {
			isa = PBXGroup;
			children = (
				DB1B97CD216A3F9200A417AD /* XTimeline.app */,
				DB1B97DF216A3F9500A417AD /* XTimelineTests.xctest */,
				DB1B97EA216A3F9500A417AD /* XTimelineUITests.xctest */,
				DB73587722114F6900150E4C /* XTimeline-iOS.app */,
				DB73588C22114F6A00150E4C /* XTimeline-iOSTests.xctest */,
				DB73589722114F6A00150E4C /* XTimeline-iOSUITests.xctest */,
			);
			name = Products;
			sourceTree = "<group>";
		};
		DB1B97CF216A3F9200A417AD /* XTimeline */ = {
			isa = PBXGroup;
			children = (
				DB73587822114F6900150E4C /* iOS */,
				DB1B97D0216A3F9200A417AD /* AppDelegate.swift */,
				DB1B97D2216A3F9200A417AD /* ViewController.swift */,
				DB5D22A1217C6249002B98CB /* OpenViewController.swift */,
				DB1B97FD216A403F00A417AD /* AbstractEntityAndLoader.swift */,
				DB1B97FE216A403F00A417AD /* ThumbItem.swift */,
				DB234098277D932D00E02D67 /* Loaders */,
				DB1B97D4216A3F9500A417AD /* Assets.xcassets */,
				DB1B9802216A419000A417AD /* ThumbnailItem.xib */,
				DB1B97D6216A3F9500A417AD /* Main.storyboard */,
				DB1B97D9216A3F9500A417AD /* Info.plist */,
				DB1B97DA216A3F9500A417AD /* XTimeline.entitlements */,
			);
			path = XTimeline;
			sourceTree = "<group>";
		};
		DB1B97E2216A3F9500A417AD /* XTimelineTests */ = {
			isa = PBXGroup;
			children = (
				DB1B97E3216A3F9500A417AD /* XTimelineTests.swift */,
				DB1B97E5216A3F9500A417AD /* Info.plist */,
			);
			path = XTimelineTests;
			sourceTree = "<group>";
		};
		DB1B97ED216A3F9500A417AD /* XTimelineUITests */ = {
			isa = PBXGroup;
			children = (
				DB1B97EE216A3F9500A417AD /* XTimelineUITests.swift */,
				DB1B97F0216A3F9500A417AD /* Info.plist */,
			);
			path = XTimelineUITests;
			sourceTree = "<group>";
		};
		DB234097277D932000E02D67 /* Reddit */ = {
			isa = PBXGroup;
			children = (
				DB1B9804216A502100A417AD /* RedditLoader.swift */,
				DB234095277D92C600E02D67 /* RedditData.swift */,
				DB234093277D926700E02D67 /* RedditDB.swift */,
			);
			path = Reddit;
			sourceTree = "<group>";
		};
		DB234098277D932D00E02D67 /* Loaders */ = {
			isa = PBXGroup;
			children = (
				DB1B97FC216A403E00A417AD /* TwitterLoader.swift */,
				DB234097277D932000E02D67 /* Reddit */,
				DB14CC2D2766ED0A00ADCF0E /* DCGANLoader.swift */,
			);
			path = Loaders;
			sourceTree = "<group>";
		};
		DB73587822114F6900150E4C /* iOS */ = {
			isa = PBXGroup;
			children = (
				DB73587922114F6900150E4C /* AppDelegate.swift */,
				DB73587B22114F6900150E4C /* MasterViewController.swift */,
				DB7358A9221173FE00150E4C /* ThumbViewController.swift */,
				DB7358AC2212568800150E4C /* AddViewController.swift */,
				DB73587D22114F6900150E4C /* DetailViewController.swift */,
				DB73587F22114F6900150E4C /* Main.storyboard */,
				DB73588222114F6A00150E4C /* Assets.xcassets */,
				DB73588422114F6A00150E4C /* LaunchScreen.storyboard */,
				DB73588722114F6A00150E4C /* Info.plist */,
			);
			path = iOS;
			sourceTree = "<group>";
		};
		DB73588F22114F6A00150E4C /* XTimeline-iOSTests */ = {
			isa = PBXGroup;
			children = (
				DB73589022114F6A00150E4C /* XTimeline_iOSTests.swift */,
				DB73589222114F6A00150E4C /* Info.plist */,
			);
			path = "XTimeline-iOSTests";
			sourceTree = "<group>";
		};
		DB73589A22114F6A00150E4C /* XTimeline-iOSUITests */ = {
			isa = PBXGroup;
			children = (
				DB73589B22114F6A00150E4C /* XTimeline_iOSUITests.swift */,
				DB73589D22114F6A00150E4C /* Info.plist */,
			);
			path = "XTimeline-iOSUITests";
			sourceTree = "<group>";
		};
		DBF2E575223D243700C2BA4D /* Frameworks */ = {
			isa = PBXGroup;
			children = (
				DB14CC3327671B8100ADCF0E /* libz.tbd */,
				DBF2E576223D243700C2BA4D /* AVKit.framework */,
			);
			name = Frameworks;
			sourceTree = "<group>";
		};
/* End PBXGroup section */

/* Begin PBXNativeTarget section */
		DB1B97CC216A3F9200A417AD /* XTimeline */ = {
			isa = PBXNativeTarget;
			buildConfigurationList = DB1B97F3216A3F9500A417AD /* Build configuration list for PBXNativeTarget "XTimeline" */;
			buildPhases = (
				DB1B97C9216A3F9200A417AD /* Sources */,
				DB1B97CA216A3F9200A417AD /* Frameworks */,
				DB1B97CB216A3F9200A417AD /* Resources */,
			);
			buildRules = (
			);
			dependencies = (
			);
			name = XTimeline;
			packageProductDependencies = (
				DB14CC312766FCE900ADCF0E /* SwiftNpy */,
			);
			productName = XTimeline;
			productReference = DB1B97CD216A3F9200A417AD /* XTimeline.app */;
			productType = "com.apple.product-type.application";
		};
		DB1B97DE216A3F9500A417AD /* XTimelineTests */ = {
			isa = PBXNativeTarget;
			buildConfigurationList = DB1B97F6216A3F9500A417AD /* Build configuration list for PBXNativeTarget "XTimelineTests" */;
			buildPhases = (
				DB1B97DB216A3F9500A417AD /* Sources */,
				DB1B97DC216A3F9500A417AD /* Frameworks */,
				DB1B97DD216A3F9500A417AD /* Resources */,
			);
			buildRules = (
			);
			dependencies = (
				DB1B97E1216A3F9500A417AD /* PBXTargetDependency */,
			);
			name = XTimelineTests;
			productName = XTimelineTests;
			productReference = DB1B97DF216A3F9500A417AD /* XTimelineTests.xctest */;
			productType = "com.apple.product-type.bundle.unit-test";
		};
		DB1B97E9216A3F9500A417AD /* XTimelineUITests */ = {
			isa = PBXNativeTarget;
			buildConfigurationList = DB1B97F9216A3F9500A417AD /* Build configuration list for PBXNativeTarget "XTimelineUITests" */;
			buildPhases = (
				DB1B97E6216A3F9500A417AD /* Sources */,
				DB1B97E7216A3F9500A417AD /* Frameworks */,
				DB1B97E8216A3F9500A417AD /* Resources */,
			);
			buildRules = (
			);
			dependencies = (
				DB1B97EC216A3F9500A417AD /* PBXTargetDependency */,
			);
			name = XTimelineUITests;
			productName = XTimelineUITests;
			productReference = DB1B97EA216A3F9500A417AD /* XTimelineUITests.xctest */;
			productType = "com.apple.product-type.bundle.ui-testing";
		};
		DB73587622114F6900150E4C /* XTimeline-iOS */ = {
			isa = PBXNativeTarget;
			buildConfigurationList = DB7358A422114F6A00150E4C /* Build configuration list for PBXNativeTarget "XTimeline-iOS" */;
			buildPhases = (
				DB73587322114F6900150E4C /* Sources */,
				DB73587422114F6900150E4C /* Frameworks */,
				DB73587522114F6900150E4C /* Resources */,
			);
			buildRules = (
			);
			dependencies = (
			);
			name = "XTimeline-iOS";
			productName = "XTimeline-iOS";
			productReference = DB73587722114F6900150E4C /* XTimeline-iOS.app */;
			productType = "com.apple.product-type.application";
		};
		DB73588B22114F6A00150E4C /* XTimeline-iOSTests */ = {
			isa = PBXNativeTarget;
			buildConfigurationList = DB7358A522114F6A00150E4C /* Build configuration list for PBXNativeTarget "XTimeline-iOSTests" */;
			buildPhases = (
				DB73588822114F6A00150E4C /* Sources */,
				DB73588922114F6A00150E4C /* Frameworks */,
				DB73588A22114F6A00150E4C /* Resources */,
			);
			buildRules = (
			);
			dependencies = (
				DB73588E22114F6A00150E4C /* PBXTargetDependency */,
			);
			name = "XTimeline-iOSTests";
			productName = "XTimeline-iOSTests";
			productReference = DB73588C22114F6A00150E4C /* XTimeline-iOSTests.xctest */;
			productType = "com.apple.product-type.bundle.unit-test";
		};
		DB73589622114F6A00150E4C /* XTimeline-iOSUITests */ = {
			isa = PBXNativeTarget;
			buildConfigurationList = DB7358A622114F6A00150E4C /* Build configuration list for PBXNativeTarget "XTimeline-iOSUITests" */;
			buildPhases = (
				DB73589322114F6A00150E4C /* Sources */,
				DB73589422114F6A00150E4C /* Frameworks */,
				DB73589522114F6A00150E4C /* Resources */,
			);
			buildRules = (
			);
			dependencies = (
				DB73589922114F6A00150E4C /* PBXTargetDependency */,
			);
			name = "XTimeline-iOSUITests";
			productName = "XTimeline-iOSUITests";
			productReference = DB73589722114F6A00150E4C /* XTimeline-iOSUITests.xctest */;
			productType = "com.apple.product-type.bundle.ui-testing";
		};
/* End PBXNativeTarget section */

/* Begin PBXProject section */
		DB1B97C5216A3F9200A417AD /* Project object */ = {
			isa = PBXProject;
			attributes = {
				LastSwiftUpdateCheck = 1010;
				LastUpgradeCheck = 1240;
				ORGANIZATIONNAME = ZhangChen;
				TargetAttributes = {
					DB1B97CC216A3F9200A417AD = {
						CreatedOnToolsVersion = 10.0;
						LastSwiftMigration = 1020;
					};
					DB1B97DE216A3F9500A417AD = {
						CreatedOnToolsVersion = 10.0;
						LastSwiftMigration = 1020;
						TestTargetID = DB1B97CC216A3F9200A417AD;
					};
					DB1B97E9216A3F9500A417AD = {
						CreatedOnToolsVersion = 10.0;
						LastSwiftMigration = 1020;
						TestTargetID = DB1B97CC216A3F9200A417AD;
					};
					DB73587622114F6900150E4C = {
						CreatedOnToolsVersion = 10.1;
					};
					DB73588B22114F6A00150E4C = {
						CreatedOnToolsVersion = 10.1;
						TestTargetID = DB73587622114F6900150E4C;
					};
					DB73589622114F6A00150E4C = {
						CreatedOnToolsVersion = 10.1;
						TestTargetID = DB73587622114F6900150E4C;
					};
				};
			};
			buildConfigurationList = DB1B97C8216A3F9200A417AD /* Build configuration list for PBXProject "XTimeline" */;
			compatibilityVersion = "Xcode 9.3";
			developmentRegion = en;
			hasScannedForEncodings = 0;
			knownRegions = (
				en,
				Base,
			);
			mainGroup = DB1B97C4216A3F9200A417AD;
			productRefGroup = DB1B97CE216A3F9200A417AD /* Products */;
			projectDirPath = "";
			projectRoot = "";
			targets = (
				DB1B97CC216A3F9200A417AD /* XTimeline */,
				DB1B97DE216A3F9500A417AD /* XTimelineTests */,
				DB1B97E9216A3F9500A417AD /* XTimelineUITests */,
				DB73587622114F6900150E4C /* XTimeline-iOS */,
				DB73588B22114F6A00150E4C /* XTimeline-iOSTests */,
				DB73589622114F6A00150E4C /* XTimeline-iOSUITests */,
			);
		};
/* End PBXProject section */

/* Begin PBXResourcesBuildPhase section */
		DB1B97CB216A3F9200A417AD /* Resources */ = {
			isa = PBXResourcesBuildPhase;
			buildActionMask = 2147483647;
			files = (
				DB1B9803216A419000A417AD /* ThumbnailItem.xib in Resources */,
				DB1B97D5216A3F9500A417AD /* Assets.xcassets in Resources */,
				DB1B97D8216A3F9500A417AD /* Main.storyboard in Resources */,
			);
			runOnlyForDeploymentPostprocessing = 0;
		};
		DB1B97DD216A3F9500A417AD /* Resources */ = {
			isa = PBXResourcesBuildPhase;
			buildActionMask = 2147483647;
			files = (
			);
			runOnlyForDeploymentPostprocessing = 0;
		};
		DB1B97E8216A3F9500A417AD /* Resources */ = {
			isa = PBXResourcesBuildPhase;
			buildActionMask = 2147483647;
			files = (
			);
			runOnlyForDeploymentPostprocessing = 0;
		};
		DB73587522114F6900150E4C /* Resources */ = {
			isa = PBXResourcesBuildPhase;
			buildActionMask = 2147483647;
			files = (
				DB73588622114F6A00150E4C /* LaunchScreen.storyboard in Resources */,
				DB73588322114F6A00150E4C /* Assets.xcassets in Resources */,
				DB73588122114F6900150E4C /* Main.storyboard in Resources */,
			);
			runOnlyForDeploymentPostprocessing = 0;
		};
		DB73588A22114F6A00150E4C /* Resources */ = {
			isa = PBXResourcesBuildPhase;
			buildActionMask = 2147483647;
			files = (
			);
			runOnlyForDeploymentPostprocessing = 0;
		};
		DB73589522114F6A00150E4C /* Resources */ = {
			isa = PBXResourcesBuildPhase;
			buildActionMask = 2147483647;
			files = (
			);
			runOnlyForDeploymentPostprocessing = 0;
		};
/* End PBXResourcesBuildPhase section */

/* Begin PBXSourcesBuildPhase section */
		DB1B97C9216A3F9200A417AD /* Sources */ = {
			isa = PBXSourcesBuildPhase;
			buildActionMask = 2147483647;
			files = (
				DB14CC2E2766ED0A00ADCF0E /* DCGANLoader.swift in Sources */,
				DB1B97D3216A3F9200A417AD /* ViewController.swift in Sources */,
				DB1B97D1216A3F9200A417AD /* AppDelegate.swift in Sources */,
				DB1B9805216A502100A417AD /* RedditLoader.swift in Sources */,
				DB1B9801216A403F00A417AD /* ThumbItem.swift in Sources */,
				DB1B97FF216A403F00A417AD /* TwitterLoader.swift in Sources */,
				DB1B9800216A403F00A417AD /* AbstractEntityAndLoader.swift in Sources */,
				DB234094277D926700E02D67 /* RedditDB.swift in Sources */,
				DB5D22A2217C6249002B98CB /* OpenViewController.swift in Sources */,
				DB234096277D92C600E02D67 /* RedditData.swift in Sources */,
			);
			runOnlyForDeploymentPostprocessing = 0;
		};
		DB1B97DB216A3F9500A417AD /* Sources */ = {
			isa = PBXSourcesBuildPhase;
			buildActionMask = 2147483647;
			files = (
				DB1B97E4216A3F9500A417AD /* XTimelineTests.swift in Sources */,
			);
			runOnlyForDeploymentPostprocessing = 0;
		};
		DB1B97E6216A3F9500A417AD /* Sources */ = {
			isa = PBXSourcesBuildPhase;
			buildActionMask = 2147483647;
			files = (
				DB1B97EF216A3F9500A417AD /* XTimelineUITests.swift in Sources */,
			);
			runOnlyForDeploymentPostprocessing = 0;
		};
		DB73587322114F6900150E4C /* Sources */ = {
			isa = PBXSourcesBuildPhase;
			buildActionMask = 2147483647;
			files = (
				DB7358A722116F3A00150E4C /* RedditLoader.swift in Sources */,
				DB73587E22114F6900150E4C /* DetailViewController.swift in Sources */,
				DB7358AE2212569300150E4C /* AddViewController.swift in Sources */,
				DB73587C22114F6900150E4C /* MasterViewController.swift in Sources */,
				DB73587A22114F6900150E4C /* AppDelegate.swift in Sources */,
				DB7358A822116F5D00150E4C /* AbstractEntityAndLoader.swift in Sources */,
				DB7358AB2211740200150E4C /* ThumbViewController.swift in Sources */,
			);
			runOnlyForDeploymentPostprocessing = 0;
		};
		DB73588822114F6A00150E4C /* Sources */ = {
			isa = PBXSourcesBuildPhase;
			buildActionMask = 2147483647;
			files = (
				DB73589122114F6A00150E4C /* XTimeline_iOSTests.swift in Sources */,
			);
			runOnlyForDeploymentPostprocessing = 0;
		};
		DB73589322114F6A00150E4C /* Sources */ = {
			isa = PBXSourcesBuildPhase;
			buildActionMask = 2147483647;
			files = (
				DB73589C22114F6A00150E4C /* XTimeline_iOSUITests.swift in Sources */,
			);
			runOnlyForDeploymentPostprocessing = 0;
		};
/* End PBXSourcesBuildPhase section */

/* Begin PBXTargetDependency section */
		DB1B97E1216A3F9500A417AD /* PBXTargetDependency */ = {
			isa = PBXTargetDependency;
			target = DB1B97CC216A3F9200A417AD /* XTimeline */;
			targetProxy = DB1B97E0216A3F9500A417AD /* PBXContainerItemProxy */;
		};
		DB1B97EC216A3F9500A417AD /* PBXTargetDependency */ = {
			isa = PBXTargetDependency;
			target = DB1B97CC216A3F9200A417AD /* XTimeline */;
			targetProxy = DB1B97EB216A3F9500A417AD /* PBXContainerItemProxy */;
		};
		DB73588E22114F6A00150E4C /* PBXTargetDependency */ = {
			isa = PBXTargetDependency;
			target = DB73587622114F6900150E4C /* XTimeline-iOS */;
			targetProxy = DB73588D22114F6A00150E4C /* PBXContainerItemProxy */;
		};
		DB73589922114F6A00150E4C /* PBXTargetDependency */ = {
			isa = PBXTargetDependency;
			target = DB73587622114F6900150E4C /* XTimeline-iOS */;
			targetProxy = DB73589822114F6A00150E4C /* PBXContainerItemProxy */;
		};
/* End PBXTargetDependency section */

/* Begin PBXVariantGroup section */
		DB1B97D6216A3F9500A417AD /* Main.storyboard */ = {
			isa = PBXVariantGroup;
			children = (
				DB1B97D7216A3F9500A417AD /* Base */,
			);
			name = Main.storyboard;
			sourceTree = "<group>";
		};
		DB73587F22114F6900150E4C /* Main.storyboard */ = {
			isa = PBXVariantGroup;
			children = (
				DB73588022114F6900150E4C /* Base */,
			);
			name = Main.storyboard;
			sourceTree = "<group>";
		};
		DB73588422114F6A00150E4C /* LaunchScreen.storyboard */ = {
			isa = PBXVariantGroup;
			children = (
				DB73588522114F6A00150E4C /* Base */,
			);
			name = LaunchScreen.storyboard;
			sourceTree = "<group>";
		};
/* End PBXVariantGroup section */

/* Begin XCBuildConfiguration section */
		DB1B97F1216A3F9500A417AD /* Debug */ = {
			isa = XCBuildConfiguration;
			buildSettings = {
				ALWAYS_SEARCH_USER_PATHS = NO;
				CLANG_ANALYZER_NONNULL = YES;
				CLANG_ANALYZER_NUMBER_OBJECT_CONVERSION = YES_AGGRESSIVE;
				CLANG_CXX_LANGUAGE_STANDARD = "gnu++14";
				CLANG_CXX_LIBRARY = "libc++";
				CLANG_ENABLE_MODULES = YES;
				CLANG_ENABLE_OBJC_ARC = YES;
				CLANG_ENABLE_OBJC_WEAK = YES;
				CLANG_WARN_BLOCK_CAPTURE_AUTORELEASING = YES;
				CLANG_WARN_BOOL_CONVERSION = YES;
				CLANG_WARN_COMMA = YES;
				CLANG_WARN_CONSTANT_CONVERSION = YES;
				CLANG_WARN_DEPRECATED_OBJC_IMPLEMENTATIONS = YES;
				CLANG_WARN_DIRECT_OBJC_ISA_USAGE = YES_ERROR;
				CLANG_WARN_DOCUMENTATION_COMMENTS = YES;
				CLANG_WARN_EMPTY_BODY = YES;
				CLANG_WARN_ENUM_CONVERSION = YES;
				CLANG_WARN_INFINITE_RECURSION = YES;
				CLANG_WARN_INT_CONVERSION = YES;
				CLANG_WARN_NON_LITERAL_NULL_CONVERSION = YES;
				CLANG_WARN_OBJC_IMPLICIT_RETAIN_SELF = YES;
				CLANG_WARN_OBJC_LITERAL_CONVERSION = YES;
				CLANG_WARN_OBJC_ROOT_CLASS = YES_ERROR;
				CLANG_WARN_QUOTED_INCLUDE_IN_FRAMEWORK_HEADER = YES;
				CLANG_WARN_RANGE_LOOP_ANALYSIS = YES;
				CLANG_WARN_STRICT_PROTOTYPES = YES;
				CLANG_WARN_SUSPICIOUS_MOVE = YES;
				CLANG_WARN_UNGUARDED_AVAILABILITY = YES_AGGRESSIVE;
				CLANG_WARN_UNREACHABLE_CODE = YES;
				CLANG_WARN__DUPLICATE_METHOD_MATCH = YES;
				CODE_SIGN_IDENTITY = "-";
				COPY_PHASE_STRIP = NO;
				DEBUG_INFORMATION_FORMAT = dwarf;
				ENABLE_STRICT_OBJC_MSGSEND = YES;
				ENABLE_TESTABILITY = YES;
				GCC_C_LANGUAGE_STANDARD = gnu11;
				GCC_DYNAMIC_NO_PIC = NO;
				GCC_NO_COMMON_BLOCKS = YES;
				GCC_OPTIMIZATION_LEVEL = 0;
				GCC_PREPROCESSOR_DEFINITIONS = (
					"DEBUG=1",
					"$(inherited)",
				);
				GCC_WARN_64_TO_32_BIT_CONVERSION = YES;
				GCC_WARN_ABOUT_RETURN_TYPE = YES_ERROR;
				GCC_WARN_UNDECLARED_SELECTOR = YES;
				GCC_WARN_UNINITIALIZED_AUTOS = YES_AGGRESSIVE;
				GCC_WARN_UNUSED_FUNCTION = YES;
				GCC_WARN_UNUSED_VARIABLE = YES;
				MACOSX_DEPLOYMENT_TARGET = 10.13;
				MTL_ENABLE_DEBUG_INFO = INCLUDE_SOURCE;
				MTL_FAST_MATH = YES;
				ONLY_ACTIVE_ARCH = YES;
				SDKROOT = macosx;
				SWIFT_ACTIVE_COMPILATION_CONDITIONS = DEBUG;
				SWIFT_OPTIMIZATION_LEVEL = "-Onone";
				VALID_ARCHS = x86_64;
			};
			name = Debug;
		};
		DB1B97F2216A3F9500A417AD /* Release */ = {
			isa = XCBuildConfiguration;
			buildSettings = {
				ALWAYS_SEARCH_USER_PATHS = NO;
				CLANG_ANALYZER_NONNULL = YES;
				CLANG_ANALYZER_NUMBER_OBJECT_CONVERSION = YES_AGGRESSIVE;
				CLANG_CXX_LANGUAGE_STANDARD = "gnu++14";
				CLANG_CXX_LIBRARY = "libc++";
				CLANG_ENABLE_MODULES = YES;
				CLANG_ENABLE_OBJC_ARC = YES;
				CLANG_ENABLE_OBJC_WEAK = YES;
				CLANG_WARN_BLOCK_CAPTURE_AUTORELEASING = YES;
				CLANG_WARN_BOOL_CONVERSION = YES;
				CLANG_WARN_COMMA = YES;
				CLANG_WARN_CONSTANT_CONVERSION = YES;
				CLANG_WARN_DEPRECATED_OBJC_IMPLEMENTATIONS = YES;
				CLANG_WARN_DIRECT_OBJC_ISA_USAGE = YES_ERROR;
				CLANG_WARN_DOCUMENTATION_COMMENTS = YES;
				CLANG_WARN_EMPTY_BODY = YES;
				CLANG_WARN_ENUM_CONVERSION = YES;
				CLANG_WARN_INFINITE_RECURSION = YES;
				CLANG_WARN_INT_CONVERSION = YES;
				CLANG_WARN_NON_LITERAL_NULL_CONVERSION = YES;
				CLANG_WARN_OBJC_IMPLICIT_RETAIN_SELF = YES;
				CLANG_WARN_OBJC_LITERAL_CONVERSION = YES;
				CLANG_WARN_OBJC_ROOT_CLASS = YES_ERROR;
				CLANG_WARN_QUOTED_INCLUDE_IN_FRAMEWORK_HEADER = YES;
				CLANG_WARN_RANGE_LOOP_ANALYSIS = YES;
				CLANG_WARN_STRICT_PROTOTYPES = YES;
				CLANG_WARN_SUSPICIOUS_MOVE = YES;
				CLANG_WARN_UNGUARDED_AVAILABILITY = YES_AGGRESSIVE;
				CLANG_WARN_UNREACHABLE_CODE = YES;
				CLANG_WARN__DUPLICATE_METHOD_MATCH = YES;
				CODE_SIGN_IDENTITY = "-";
				COPY_PHASE_STRIP = NO;
				DEBUG_INFORMATION_FORMAT = "dwarf-with-dsym";
				ENABLE_NS_ASSERTIONS = NO;
				ENABLE_STRICT_OBJC_MSGSEND = YES;
				GCC_C_LANGUAGE_STANDARD = gnu11;
				GCC_NO_COMMON_BLOCKS = YES;
				GCC_WARN_64_TO_32_BIT_CONVERSION = YES;
				GCC_WARN_ABOUT_RETURN_TYPE = YES_ERROR;
				GCC_WARN_UNDECLARED_SELECTOR = YES;
				GCC_WARN_UNINITIALIZED_AUTOS = YES_AGGRESSIVE;
				GCC_WARN_UNUSED_FUNCTION = YES;
				GCC_WARN_UNUSED_VARIABLE = YES;
				MACOSX_DEPLOYMENT_TARGET = 10.13;
				MTL_ENABLE_DEBUG_INFO = NO;
				MTL_FAST_MATH = YES;
				SDKROOT = macosx;
				SWIFT_COMPILATION_MODE = wholemodule;
				SWIFT_OPTIMIZATION_LEVEL = "-O";
				VALID_ARCHS = x86_64;
			};
			name = Release;
		};
		DB1B97F4216A3F9500A417AD /* Debug */ = {
			isa = XCBuildConfiguration;
			buildSettings = {
				ASSETCATALOG_COMPILER_APPICON_NAME = AppIcon;
				CODE_SIGN_IDENTITY = "-";
				CODE_SIGN_STYLE = Automatic;
				COMBINE_HIDPI_IMAGES = YES;
				INFOPLIST_FILE = XTimeline/Info.plist;
				LD_RUNPATH_SEARCH_PATHS = (
					"$(inherited)",
					"@executable_path/../Frameworks",
				);
				PRODUCT_BUNDLE_IDENTIFIER = com.tgfbeta.XTimeline;
				PRODUCT_NAME = "$(TARGET_NAME)";
				SWIFT_VERSION = 5.0;
			};
			name = Debug;
		};
		DB1B97F5216A3F9500A417AD /* Release */ = {
			isa = XCBuildConfiguration;
			buildSettings = {
				ASSETCATALOG_COMPILER_APPICON_NAME = AppIcon;
				CODE_SIGN_IDENTITY = "-";
				CODE_SIGN_STYLE = Automatic;
				COMBINE_HIDPI_IMAGES = YES;
				INFOPLIST_FILE = XTimeline/Info.plist;
				LD_RUNPATH_SEARCH_PATHS = (
					"$(inherited)",
					"@executable_path/../Frameworks",
				);
				PRODUCT_BUNDLE_IDENTIFIER = com.tgfbeta.XTimeline;
				PRODUCT_NAME = "$(TARGET_NAME)";
				SWIFT_VERSION = 5.0;
			};
			name = Release;
		};
		DB1B97F7216A3F9500A417AD /* Debug */ = {
			isa = XCBuildConfiguration;
			buildSettings = {
				ALWAYS_EMBED_SWIFT_STANDARD_LIBRARIES = YES;
				BUNDLE_LOADER = "$(TEST_HOST)";
				CODE_SIGN_STYLE = Automatic;
				COMBINE_HIDPI_IMAGES = YES;
				INFOPLIST_FILE = XTimelineTests/Info.plist;
				LD_RUNPATH_SEARCH_PATHS = (
					"$(inherited)",
					"@executable_path/../Frameworks",
					"@loader_path/../Frameworks",
				);
				PRODUCT_BUNDLE_IDENTIFIER = com.tgfbeta.XTimelineTests;
				PRODUCT_NAME = "$(TARGET_NAME)";
				SWIFT_VERSION = 5.0;
				TEST_HOST = "$(BUILT_PRODUCTS_DIR)/XTimeline.app/Contents/MacOS/XTimeline";
			};
			name = Debug;
		};
		DB1B97F8216A3F9500A417AD /* Release */ = {
			isa = XCBuildConfiguration;
			buildSettings = {
				ALWAYS_EMBED_SWIFT_STANDARD_LIBRARIES = YES;
				BUNDLE_LOADER = "$(TEST_HOST)";
				CODE_SIGN_STYLE = Automatic;
				COMBINE_HIDPI_IMAGES = YES;
				INFOPLIST_FILE = XTimelineTests/Info.plist;
				LD_RUNPATH_SEARCH_PATHS = (
					"$(inherited)",
					"@executable_path/../Frameworks",
					"@loader_path/../Frameworks",
				);
				PRODUCT_BUNDLE_IDENTIFIER = com.tgfbeta.XTimelineTests;
				PRODUCT_NAME = "$(TARGET_NAME)";
				SWIFT_VERSION = 5.0;
				TEST_HOST = "$(BUILT_PRODUCTS_DIR)/XTimeline.app/Contents/MacOS/XTimeline";
			};
			name = Release;
		};
		DB1B97FA216A3F9500A417AD /* Debug */ = {
			isa = XCBuildConfiguration;
			buildSettings = {
				ALWAYS_EMBED_SWIFT_STANDARD_LIBRARIES = YES;
				CODE_SIGN_STYLE = Automatic;
				COMBINE_HIDPI_IMAGES = YES;
				INFOPLIST_FILE = XTimelineUITests/Info.plist;
				LD_RUNPATH_SEARCH_PATHS = (
					"$(inherited)",
					"@executable_path/../Frameworks",
					"@loader_path/../Frameworks",
				);
				PRODUCT_BUNDLE_IDENTIFIER = com.tgfbeta.XTimelineUITests;
				PRODUCT_NAME = "$(TARGET_NAME)";
				SWIFT_VERSION = 5.0;
				TEST_TARGET_NAME = XTimeline;
			};
			name = Debug;
		};
		DB1B97FB216A3F9500A417AD /* Release */ = {
			isa = XCBuildConfiguration;
			buildSettings = {
				ALWAYS_EMBED_SWIFT_STANDARD_LIBRARIES = YES;
				CODE_SIGN_STYLE = Automatic;
				COMBINE_HIDPI_IMAGES = YES;
				INFOPLIST_FILE = XTimelineUITests/Info.plist;
				LD_RUNPATH_SEARCH_PATHS = (
					"$(inherited)",
					"@executable_path/../Frameworks",
					"@loader_path/../Frameworks",
				);
				PRODUCT_BUNDLE_IDENTIFIER = com.tgfbeta.XTimelineUITests;
				PRODUCT_NAME = "$(TARGET_NAME)";
				SWIFT_VERSION = 5.0;
				TEST_TARGET_NAME = XTimeline;
			};
			name = Release;
		};
		DB73589E22114F6A00150E4C /* Debug */ = {
			isa = XCBuildConfiguration;
			buildSettings = {
				ASSETCATALOG_COMPILER_APPICON_NAME = AppIcon;
				CODE_SIGN_IDENTITY = "iPhone Developer";
				CODE_SIGN_STYLE = Automatic;
				DEVELOPMENT_TEAM = 45474498ZK;
				INFOPLIST_FILE = "$(SRCROOT)/XTimeline/iOS/Info.plist";
				IPHONEOS_DEPLOYMENT_TARGET = 12.1;
				LD_RUNPATH_SEARCH_PATHS = (
					"$(inherited)",
					"@executable_path/Frameworks",
				);
				PRODUCT_BUNDLE_IDENTIFIER = "com.tgfbeta.XTimeline-iOS";
				PRODUCT_NAME = "$(TARGET_NAME)";
				SDKROOT = iphoneos;
				SWIFT_VERSION = 5.0;
				TARGETED_DEVICE_FAMILY = "1,2";
			};
			name = Debug;
		};
		DB73589F22114F6A00150E4C /* Release */ = {
			isa = XCBuildConfiguration;
			buildSettings = {
				ASSETCATALOG_COMPILER_APPICON_NAME = AppIcon;
				CODE_SIGN_IDENTITY = "iPhone Developer";
				CODE_SIGN_STYLE = Automatic;
				DEVELOPMENT_TEAM = 45474498ZK;
				INFOPLIST_FILE = "$(SRCROOT)/XTimeline/iOS/Info.plist";
				IPHONEOS_DEPLOYMENT_TARGET = 12.1;
				LD_RUNPATH_SEARCH_PATHS = (
					"$(inherited)",
					"@executable_path/Frameworks",
				);
				PRODUCT_BUNDLE_IDENTIFIER = "com.tgfbeta.XTimeline-iOS";
				PRODUCT_NAME = "$(TARGET_NAME)";
				SDKROOT = iphoneos;
				SWIFT_VERSION = 5.0;
				TARGETED_DEVICE_FAMILY = "1,2";
				VALIDATE_PRODUCT = YES;
			};
			name = Release;
		};
		DB7358A022114F6A00150E4C /* Debug */ = {
			isa = XCBuildConfiguration;
			buildSettings = {
				ALWAYS_EMBED_SWIFT_STANDARD_LIBRARIES = YES;
				BUNDLE_LOADER = "$(TEST_HOST)";
				CODE_SIGN_IDENTITY = "iPhone Developer";
				CODE_SIGN_STYLE = Automatic;
				DEVELOPMENT_TEAM = 45474498ZK;
				INFOPLIST_FILE = "XTimeline-iOSTests/Info.plist";
				IPHONEOS_DEPLOYMENT_TARGET = 12.1;
				LD_RUNPATH_SEARCH_PATHS = (
					"$(inherited)",
					"@executable_path/Frameworks",
					"@loader_path/Frameworks",
				);
				PRODUCT_BUNDLE_IDENTIFIER = "com.tgfbeta.XTimeline-iOSTests";
				PRODUCT_NAME = "$(TARGET_NAME)";
				SDKROOT = iphoneos;
				SWIFT_VERSION = 5.0;
				TARGETED_DEVICE_FAMILY = "1,2";
				TEST_HOST = "$(BUILT_PRODUCTS_DIR)/XTimeline-iOS.app/XTimeline-iOS";
			};
			name = Debug;
		};
		DB7358A122114F6A00150E4C /* Release */ = {
			isa = XCBuildConfiguration;
			buildSettings = {
				ALWAYS_EMBED_SWIFT_STANDARD_LIBRARIES = YES;
				BUNDLE_LOADER = "$(TEST_HOST)";
				CODE_SIGN_IDENTITY = "iPhone Developer";
				CODE_SIGN_STYLE = Automatic;
				DEVELOPMENT_TEAM = 45474498ZK;
				INFOPLIST_FILE = "XTimeline-iOSTests/Info.plist";
				IPHONEOS_DEPLOYMENT_TARGET = 12.1;
				LD_RUNPATH_SEARCH_PATHS = (
					"$(inherited)",
					"@executable_path/Frameworks",
					"@loader_path/Frameworks",
				);
				PRODUCT_BUNDLE_IDENTIFIER = "com.tgfbeta.XTimeline-iOSTests";
				PRODUCT_NAME = "$(TARGET_NAME)";
				SDKROOT = iphoneos;
				SWIFT_VERSION = 5.0;
				TARGETED_DEVICE_FAMILY = "1,2";
				TEST_HOST = "$(BUILT_PRODUCTS_DIR)/XTimeline-iOS.app/XTimeline-iOS";
				VALIDATE_PRODUCT = YES;
			};
			name = Release;
		};
		DB7358A222114F6A00150E4C /* Debug */ = {
			isa = XCBuildConfiguration;
			buildSettings = {
				ALWAYS_EMBED_SWIFT_STANDARD_LIBRARIES = YES;
				CODE_SIGN_IDENTITY = "iPhone Developer";
				CODE_SIGN_STYLE = Automatic;
				DEVELOPMENT_TEAM = 45474498ZK;
				INFOPLIST_FILE = "XTimeline-iOSUITests/Info.plist";
				IPHONEOS_DEPLOYMENT_TARGET = 12.1;
				LD_RUNPATH_SEARCH_PATHS = (
					"$(inherited)",
					"@executable_path/Frameworks",
					"@loader_path/Frameworks",
				);
				PRODUCT_BUNDLE_IDENTIFIER = "com.tgfbeta.XTimeline-iOSUITests";
				PRODUCT_NAME = "$(TARGET_NAME)";
				SDKROOT = iphoneos;
				SWIFT_VERSION = 5.0;
				TARGETED_DEVICE_FAMILY = "1,2";
				TEST_TARGET_NAME = "XTimeline-iOS";
			};
			name = Debug;
		};
		DB7358A322114F6A00150E4C /* Release */ = {
			isa = XCBuildConfiguration;
			buildSettings = {
				ALWAYS_EMBED_SWIFT_STANDARD_LIBRARIES = YES;
				CODE_SIGN_IDENTITY = "iPhone Developer";
				CODE_SIGN_STYLE = Automatic;
				DEVELOPMENT_TEAM = 45474498ZK;
				INFOPLIST_FILE = "XTimeline-iOSUITests/Info.plist";
				IPHONEOS_DEPLOYMENT_TARGET = 12.1;
				LD_RUNPATH_SEARCH_PATHS = (
					"$(inherited)",
					"@executable_path/Frameworks",
					"@loader_path/Frameworks",
				);
				PRODUCT_BUNDLE_IDENTIFIER = "com.tgfbeta.XTimeline-iOSUITests";
				PRODUCT_NAME = "$(TARGET_NAME)";
				SDKROOT = iphoneos;
				SWIFT_VERSION = 5.0;
				TARGETED_DEVICE_FAMILY = "1,2";
				TEST_TARGET_NAME = "XTimeline-iOS";
				VALIDATE_PRODUCT = YES;
			};
			name = Release;
		};
/* End XCBuildConfiguration section */

/* Begin XCConfigurationList section */
		DB1B97C8216A3F9200A417AD /* Build configuration list for PBXProject "XTimeline" */ = {
			isa = XCConfigurationList;
			buildConfigurations = (
				DB1B97F1216A3F9500A417AD /* Debug */,
				DB1B97F2216A3F9500A417AD /* Release */,
			);
			defaultConfigurationIsVisible = 0;
			defaultConfigurationName = Release;
		};
		DB1B97F3216A3F9500A417AD /* Build configuration list for PBXNativeTarget "XTimeline" */ = {
			isa = XCConfigurationList;
			buildConfigurations = (
				DB1B97F4216A3F9500A417AD /* Debug */,
				DB1B97F5216A3F9500A417AD /* Release */,
			);
			defaultConfigurationIsVisible = 0;
			defaultConfigurationName = Release;
		};
		DB1B97F6216A3F9500A417AD /* Build configuration list for PBXNativeTarget "XTimelineTests" */ = {
			isa = XCConfigurationList;
			buildConfigurations = (
				DB1B97F7216A3F9500A417AD /* Debug */,
				DB1B97F8216A3F9500A417AD /* Release */,
			);
			defaultConfigurationIsVisible = 0;
			defaultConfigurationName = Release;
		};
		DB1B97F9216A3F9500A417AD /* Build configuration list for PBXNativeTarget "XTimelineUITests" */ = {
			isa = XCConfigurationList;
			buildConfigurations = (
				DB1B97FA216A3F9500A417AD /* Debug */,
				DB1B97FB216A3F9500A417AD /* Release */,
			);
			defaultConfigurationIsVisible = 0;
			defaultConfigurationName = Release;
		};
		DB7358A422114F6A00150E4C /* Build configuration list for PBXNativeTarget "XTimeline-iOS" */ = {
			isa = XCConfigurationList;
			buildConfigurations = (
				DB73589E22114F6A00150E4C /* Debug */,
				DB73589F22114F6A00150E4C /* Release */,
			);
			defaultConfigurationIsVisible = 0;
			defaultConfigurationName = Release;
		};
		DB7358A522114F6A00150E4C /* Build configuration list for PBXNativeTarget "XTimeline-iOSTests" */ = {
			isa = XCConfigurationList;
			buildConfigurations = (
				DB7358A022114F6A00150E4C /* Debug */,
				DB7358A122114F6A00150E4C /* Release */,
			);
			defaultConfigurationIsVisible = 0;
			defaultConfigurationName = Release;
		};
		DB7358A622114F6A00150E4C /* Build configuration list for PBXNativeTarget "XTimeline-iOSUITests" */ = {
			isa = XCConfigurationList;
			buildConfigurations = (
				DB7358A222114F6A00150E4C /* Debug */,
				DB7358A322114F6A00150E4C /* Release */,
			);
			defaultConfigurationIsVisible = 0;
			defaultConfigurationName = Release;
		};
/* End XCConfigurationList section */

/* Begin XCSwiftPackageProductDependency section */
		DB14CC312766FCE900ADCF0E /* SwiftNpy */ = {
			isa = XCSwiftPackageProductDependency;
			productName = SwiftNpy;
		};
/* End XCSwiftPackageProductDependency section */
	};
	rootObject = DB1B97C5216A3F9200A417AD /* Project object */;
}
